// !$*UTF8*$!
{
	archiveVersion = 1;
	classes = {
	};
	objectVersion = 56;
	objects = {

/* Begin PBXBuildFile section */
		D5C13CC82C1D1B7400C6D93E /* Movie_AppApp.swift in Sources */ = {isa = PBXBuildFile; fileRef = D5C13CC72C1D1B7400C6D93E /* Movie_AppApp.swift */; };
		D5C13CCA2C1D1B7400C6D93E /* ContentView.swift in Sources */ = {isa = PBXBuildFile; fileRef = D5C13CC92C1D1B7400C6D93E /* ContentView.swift */; };
		D5C13CCC2C1D1B7600C6D93E /* Assets.xcassets in Resources */ = {isa = PBXBuildFile; fileRef = D5C13CCB2C1D1B7600C6D93E /* Assets.xcassets */; };
		D5C13CCF2C1D1B7600C6D93E /* Preview Assets.xcassets in Resources */ = {isa = PBXBuildFile; fileRef = D5C13CCE2C1D1B7600C6D93E /* Preview Assets.xcassets */; };
		D5C13CD92C1D1B7600C6D93E /* Movie_AppTests.swift in Sources */ = {isa = PBXBuildFile; fileRef = D5C13CD82C1D1B7600C6D93E /* Movie_AppTests.swift */; };
		D5C13CE32C1D1B7600C6D93E /* Movie_AppUITests.swift in Sources */ = {isa = PBXBuildFile; fileRef = D5C13CE22C1D1B7600C6D93E /* Movie_AppUITests.swift */; };
		D5C13CE52C1D1B7600C6D93E /* Movie_AppUITestsLaunchTests.swift in Sources */ = {isa = PBXBuildFile; fileRef = D5C13CE42C1D1B7600C6D93E /* Movie_AppUITestsLaunchTests.swift */; };
/* End PBXBuildFile section */

/* Begin PBXContainerItemProxy section */
		D5C13CD52C1D1B7600C6D93E /* PBXContainerItemProxy */ = {
			isa = PBXContainerItemProxy;
			containerPortal = D5C13CBC2C1D1B7400C6D93E /* Project object */;
			proxyType = 1;
			remoteGlobalIDString = D5C13CC32C1D1B7400C6D93E;
			remoteInfo = "Movie App";
		};
		D5C13CDF2C1D1B7600C6D93E /* PBXContainerItemProxy */ = {
			isa = PBXContainerItemProxy;
			containerPortal = D5C13CBC2C1D1B7400C6D93E /* Project object */;
			proxyType = 1;
			remoteGlobalIDString = D5C13CC32C1D1B7400C6D93E;
			remoteInfo = "Movie App";
		};
/* End PBXContainerItemProxy section */

/* Begin PBXFileReference section */
		D5C13CC42C1D1B7400C6D93E /* Movie App.app */ = {isa = PBXFileReference; explicitFileType = wrapper.application; includeInIndex = 0; path = "Movie App.app"; sourceTree = BUILT_PRODUCTS_DIR; };
		D5C13CC72C1D1B7400C6D93E /* Movie_AppApp.swift */ = {isa = PBXFileReference; lastKnownFileType = sourcecode.swift; path = Movie_AppApp.swift; sourceTree = "<group>"; };
		D5C13CC92C1D1B7400C6D93E /* ContentView.swift */ = {isa = PBXFileReference; lastKnownFileType = sourcecode.swift; path = ContentView.swift; sourceTree = "<group>"; };
		D5C13CCB2C1D1B7600C6D93E /* Assets.xcassets */ = {isa = PBXFileReference; lastKnownFileType = folder.assetcatalog; path = Assets.xcassets; sourceTree = "<group>"; };
		D5C13CCE2C1D1B7600C6D93E /* Preview Assets.xcassets */ = {isa = PBXFileReference; lastKnownFileType = folder.assetcatalog; path = "Preview Assets.xcassets"; sourceTree = "<group>"; };
		D5C13CD42C1D1B7600C6D93E /* Movie AppTests.xctest */ = {isa = PBXFileReference; explicitFileType = wrapper.cfbundle; includeInIndex = 0; path = "Movie AppTests.xctest"; sourceTree = BUILT_PRODUCTS_DIR; };
		D5C13CD82C1D1B7600C6D93E /* Movie_AppTests.swift */ = {isa = PBXFileReference; lastKnownFileType = sourcecode.swift; path = Movie_AppTests.swift; sourceTree = "<group>"; };
		D5C13CDE2C1D1B7600C6D93E /* Movie AppUITests.xctest */ = {isa = PBXFileReference; explicitFileType = wrapper.cfbundle; includeInIndex = 0; path = "Movie AppUITests.xctest"; sourceTree = BUILT_PRODUCTS_DIR; };
		D5C13CE22C1D1B7600C6D93E /* Movie_AppUITests.swift */ = {isa = PBXFileReference; lastKnownFileType = sourcecode.swift; path = Movie_AppUITests.swift; sourceTree = "<group>"; };
		D5C13CE42C1D1B7600C6D93E /* Movie_AppUITestsLaunchTests.swift */ = {isa = PBXFileReference; lastKnownFileType = sourcecode.swift; path = Movie_AppUITestsLaunchTests.swift; sourceTree = "<group>"; };
/* End PBXFileReference section */

/* Begin PBXFrameworksBuildPhase section */
		D5C13CC12C1D1B7400C6D93E /* Frameworks */ = {
			isa = PBXFrameworksBuildPhase;
			buildActionMask = 2147483647;
			files = (
			);
			runOnlyForDeploymentPostprocessing = 0;
		};
		D5C13CD12C1D1B7600C6D93E /* Frameworks */ = {
			isa = PBXFrameworksBuildPhase;
			buildActionMask = 2147483647;
			files = (
			);
			runOnlyForDeploymentPostprocessing = 0;
		};
		D5C13CDB2C1D1B7600C6D93E /* Frameworks */ = {
			isa = PBXFrameworksBuildPhase;
			buildActionMask = 2147483647;
			files = (
			);
			runOnlyForDeploymentPostprocessing = 0;
		};
/* End PBXFrameworksBuildPhase section */

/* Begin PBXGroup section */
		D5C13CBB2C1D1B7400C6D93E = {
			isa = PBXGroup;
			children = (
				D5C13CC62C1D1B7400C6D93E /* Movie App */,
				D5C13CD72C1D1B7600C6D93E /* Movie AppTests */,
				D5C13CE12C1D1B7600C6D93E /* Movie AppUITests */,
				D5C13CC52C1D1B7400C6D93E /* Products */,
			);
			sourceTree = "<group>";
		};
		D5C13CC52C1D1B7400C6D93E /* Products */ = {
			isa = PBXGroup;
			children = (
				D5C13CC42C1D1B7400C6D93E /* Movie App.app */,
				D5C13CD42C1D1B7600C6D93E /* Movie AppTests.xctest */,
				D5C13CDE2C1D1B7600C6D93E /* Movie AppUITests.xctest */,
			);
			name = Products;
			sourceTree = "<group>";
		};
		D5C13CC62C1D1B7400C6D93E /* Movie App */ = {
			isa = PBXGroup;
			children = (
				D5C13CC72C1D1B7400C6D93E /* Movie_AppApp.swift */,
				D5C13CC92C1D1B7400C6D93E /* ContentView.swift */,
				D5C13CCB2C1D1B7600C6D93E /* Assets.xcassets */,
				D5C13CCD2C1D1B7600C6D93E /* Preview Content */,
			);
			path = "Movie App";
			sourceTree = "<group>";
		};
		D5C13CCD2C1D1B7600C6D93E /* Preview Content */ = {
			isa = PBXGroup;
			children = (
				D5C13CCE2C1D1B7600C6D93E /* Preview Assets.xcassets */,
			);
			path = "Preview Content";
			sourceTree = "<group>";
		};
		D5C13CD72C1D1B7600C6D93E /* Movie AppTests */ = {
			isa = PBXGroup;
			children = (
				D5C13CD82C1D1B7600C6D93E /* Movie_AppTests.swift */,
			);
			path = "Movie AppTests";
			sourceTree = "<group>";
		};
		D5C13CE12C1D1B7600C6D93E /* Movie AppUITests */ = {
			isa = PBXGroup;
			children = (
				D5C13CE22C1D1B7600C6D93E /* Movie_AppUITests.swift */,
				D5C13CE42C1D1B7600C6D93E /* Movie_AppUITestsLaunchTests.swift */,
			);
			path = "Movie AppUITests";
			sourceTree = "<group>";
		};
/* End PBXGroup section */

/* Begin PBXNativeTarget section */
		D5C13CC32C1D1B7400C6D93E /* Movie App */ = {
			isa = PBXNativeTarget;
			buildConfigurationList = D5C13CE82C1D1B7600C6D93E /* Build configuration list for PBXNativeTarget "Movie App" */;
			buildPhases = (
				D5C13CC02C1D1B7400C6D93E /* Sources */,
				D5C13CC12C1D1B7400C6D93E /* Frameworks */,
				D5C13CC22C1D1B7400C6D93E /* Resources */,
			);
			buildRules = (
			);
			dependencies = (
			);
			name = "Movie App";
			productName = "Movie App";
			productReference = D5C13CC42C1D1B7400C6D93E /* Movie App.app */;
			productType = "com.apple.product-type.application";
		};
		D5C13CD32C1D1B7600C6D93E /* Movie AppTests */ = {
			isa = PBXNativeTarget;
			buildConfigurationList = D5C13CEB2C1D1B7600C6D93E /* Build configuration list for PBXNativeTarget "Movie AppTests" */;
			buildPhases = (
				D5C13CD02C1D1B7600C6D93E /* Sources */,
				D5C13CD12C1D1B7600C6D93E /* Frameworks */,
				D5C13CD22C1D1B7600C6D93E /* Resources */,
			);
			buildRules = (
			);
			dependencies = (
				D5C13CD62C1D1B7600C6D93E /* PBXTargetDependency */,
			);
			name = "Movie AppTests";
			productName = "Movie AppTests";
			productReference = D5C13CD42C1D1B7600C6D93E /* Movie AppTests.xctest */;
			productType = "com.apple.product-type.bundle.unit-test";
		};
		D5C13CDD2C1D1B7600C6D93E /* Movie AppUITests */ = {
			isa = PBXNativeTarget;
			buildConfigurationList = D5C13CEE2C1D1B7600C6D93E /* Build configuration list for PBXNativeTarget "Movie AppUITests" */;
			buildPhases = (
				D5C13CDA2C1D1B7600C6D93E /* Sources */,
				D5C13CDB2C1D1B7600C6D93E /* Frameworks */,
				D5C13CDC2C1D1B7600C6D93E /* Resources */,
			);
			buildRules = (
			);
			dependencies = (
				D5C13CE02C1D1B7600C6D93E /* PBXTargetDependency */,
			);
			name = "Movie AppUITests";
			productName = "Movie AppUITests";
			productReference = D5C13CDE2C1D1B7600C6D93E /* Movie AppUITests.xctest */;
			productType = "com.apple.product-type.bundle.ui-testing";
		};
/* End PBXNativeTarget section */

/* Begin PBXProject section */
		D5C13CBC2C1D1B7400C6D93E /* Project object */ = {
			isa = PBXProject;
			attributes = {
				BuildIndependentTargetsInParallel = 1;
				LastSwiftUpdateCheck = 1510;
				LastUpgradeCheck = 1510;
				TargetAttributes = {
					D5C13CC32C1D1B7400C6D93E = {
						CreatedOnToolsVersion = 15.1;
					};
					D5C13CD32C1D1B7600C6D93E = {
						CreatedOnToolsVersion = 15.1;
						TestTargetID = D5C13CC32C1D1B7400C6D93E;
					};
					D5C13CDD2C1D1B7600C6D93E = {
						CreatedOnToolsVersion = 15.1;
						TestTargetID = D5C13CC32C1D1B7400C6D93E;
					};
				};
			};
			buildConfigurationList = D5C13CBF2C1D1B7400C6D93E /* Build configuration list for PBXProject "Movie App" */;
			compatibilityVersion = "Xcode 14.0";
			developmentRegion = en;
			hasScannedForEncodings = 0;
			knownRegions = (
				en,
				Base,
			);
			mainGroup = D5C13CBB2C1D1B7400C6D93E;
			productRefGroup = D5C13CC52C1D1B7400C6D93E /* Products */;
			projectDirPath = "";
			projectRoot = "";
			targets = (
				D5C13CC32C1D1B7400C6D93E /* Movie App */,
				D5C13CD32C1D1B7600C6D93E /* Movie AppTests */,
				D5C13CDD2C1D1B7600C6D93E /* Movie AppUITests */,
			);
		};
/* End PBXProject section */

/* Begin PBXResourcesBuildPhase section */
		D5C13CC22C1D1B7400C6D93E /* Resources */ = {
			isa = PBXResourcesBuildPhase;
			buildActionMask = 2147483647;
			files = (
				D5C13CCF2C1D1B7600C6D93E /* Preview Assets.xcassets in Resources */,
				D5C13CCC2C1D1B7600C6D93E /* Assets.xcassets in Resources */,
			);
			runOnlyForDeploymentPostprocessing = 0;
		};
		D5C13CD22C1D1B7600C6D93E /* Resources */ = {
			isa = PBXResourcesBuildPhase;
			buildActionMask = 2147483647;
			files = (
			);
			runOnlyForDeploymentPostprocessing = 0;
		};
		D5C13CDC2C1D1B7600C6D93E /* Resources */ = {
			isa = PBXResourcesBuildPhase;
			buildActionMask = 2147483647;
			files = (
			);
			runOnlyForDeploymentPostprocessing = 0;
		};
/* End PBXResourcesBuildPhase section */

/* Begin PBXSourcesBuildPhase section */
		D5C13CC02C1D1B7400C6D93E /* Sources */ = {
			isa = PBXSourcesBuildPhase;
			buildActionMask = 2147483647;
			files = (
				D5C13CCA2C1D1B7400C6D93E /* ContentView.swift in Sources */,
				D5C13CC82C1D1B7400C6D93E /* Movie_AppApp.swift in Sources */,
			);
			runOnlyForDeploymentPostprocessing = 0;
		};
		D5C13CD02C1D1B7600C6D93E /* Sources */ = {
			isa = PBXSourcesBuildPhase;
			buildActionMask = 2147483647;
			files = (
				D5C13CD92C1D1B7600C6D93E /* Movie_AppTests.swift in Sources */,
			);
			runOnlyForDeploymentPostprocessing = 0;
		};
		D5C13CDA2C1D1B7600C6D93E /* Sources */ = {
			isa = PBXSourcesBuildPhase;
			buildActionMask = 2147483647;
			files = (
				D5C13CE32C1D1B7600C6D93E /* Movie_AppUITests.swift in Sources */,
				D5C13CE52C1D1B7600C6D93E /* Movie_AppUITestsLaunchTests.swift in Sources */,
			);
			runOnlyForDeploymentPostprocessing = 0;
		};
/* End PBXSourcesBuildPhase section */

/* Begin PBXTargetDependency section */
		D5C13CD62C1D1B7600C6D93E /* PBXTargetDependency */ = {
			isa = PBXTargetDependency;
			target = D5C13CC32C1D1B7400C6D93E /* Movie App */;
			targetProxy = D5C13CD52C1D1B7600C6D93E /* PBXContainerItemProxy */;
		};
		D5C13CE02C1D1B7600C6D93E /* PBXTargetDependency */ = {
			isa = PBXTargetDependency;
			target = D5C13CC32C1D1B7400C6D93E /* Movie App */;
			targetProxy = D5C13CDF2C1D1B7600C6D93E /* PBXContainerItemProxy */;
		};
/* End PBXTargetDependency section */

/* Begin XCBuildConfiguration section */
		D5C13CE62C1D1B7600C6D93E /* Debug */ = {
			isa = XCBuildConfiguration;
			buildSettings = {
				ALWAYS_SEARCH_USER_PATHS = NO;
				ASSETCATALOG_COMPILER_GENERATE_SWIFT_ASSET_SYMBOL_EXTENSIONS = YES;
				CLANG_ANALYZER_NONNULL = YES;
				CLANG_ANALYZER_NUMBER_OBJECT_CONVERSION = YES_AGGRESSIVE;
				CLANG_CXX_LANGUAGE_STANDARD = "gnu++20";
				CLANG_ENABLE_MODULES = YES;
				CLANG_ENABLE_OBJC_ARC = YES;
				CLANG_ENABLE_OBJC_WEAK = YES;
				CLANG_WARN_BLOCK_CAPTURE_AUTORELEASING = YES;
				CLANG_WARN_BOOL_CONVERSION = YES;
				CLANG_WARN_COMMA = YES;
				CLANG_WARN_CONSTANT_CONVERSION = YES;
				CLANG_WARN_DEPRECATED_OBJC_IMPLEMENTATIONS = YES;
				CLANG_WARN_DIRECT_OBJC_ISA_USAGE = YES_ERROR;
				CLANG_WARN_DOCUMENTATION_COMMENTS = YES;
				CLANG_WARN_EMPTY_BODY = YES;
				CLANG_WARN_ENUM_CONVERSION = YES;
				CLANG_WARN_INFINITE_RECURSION = YES;
				CLANG_WARN_INT_CONVERSION = YES;
				CLANG_WARN_NON_LITERAL_NULL_CONVERSION = YES;
				CLANG_WARN_OBJC_IMPLICIT_RETAIN_SELF = YES;
				CLANG_WARN_OBJC_LITERAL_CONVERSION = YES;
				CLANG_WARN_OBJC_ROOT_CLASS = YES_ERROR;
				CLANG_WARN_QUOTED_INCLUDE_IN_FRAMEWORK_HEADER = YES;
				CLANG_WARN_RANGE_LOOP_ANALYSIS = YES;
				CLANG_WARN_STRICT_PROTOTYPES = YES;
				CLANG_WARN_SUSPICIOUS_MOVE = YES;
				CLANG_WARN_UNGUARDED_AVAILABILITY = YES_AGGRESSIVE;
				CLANG_WARN_UNREACHABLE_CODE = YES;
				CLANG_WARN__DUPLICATE_METHOD_MATCH = YES;
				COPY_PHASE_STRIP = NO;
				DEBUG_INFORMATION_FORMAT = dwarf;
				ENABLE_STRICT_OBJC_MSGSEND = YES;
				ENABLE_TESTABILITY = YES;
				ENABLE_USER_SCRIPT_SANDBOXING = YES;
				GCC_C_LANGUAGE_STANDARD = gnu17;
				GCC_DYNAMIC_NO_PIC = NO;
				GCC_NO_COMMON_BLOCKS = YES;
				GCC_OPTIMIZATION_LEVEL = 0;
				GCC_PREPROCESSOR_DEFINITIONS = (
					"DEBUG=1",
					"$(inherited)",
				);
				GCC_WARN_64_TO_32_BIT_CONVERSION = YES;
				GCC_WARN_ABOUT_RETURN_TYPE = YES_ERROR;
				GCC_WARN_UNDECLARED_SELECTOR = YES;
				GCC_WARN_UNINITIALIZED_AUTOS = YES_AGGRESSIVE;
				GCC_WARN_UNUSED_FUNCTION = YES;
				GCC_WARN_UNUSED_VARIABLE = YES;
				IPHONEOS_DEPLOYMENT_TARGET = 17.2;
				LOCALIZATION_PREFERS_STRING_CATALOGS = YES;
				MTL_ENABLE_DEBUG_INFO = INCLUDE_SOURCE;
				MTL_FAST_MATH = YES;
				ONLY_ACTIVE_ARCH = YES;
				SDKROOT = iphoneos;
				SWIFT_ACTIVE_COMPILATION_CONDITIONS = "DEBUG $(inherited)";
				SWIFT_OPTIMIZATION_LEVEL = "-Onone";
			};
			name = Debug;
		};
		D5C13CE72C1D1B7600C6D93E /* Release */ = {
			isa = XCBuildConfiguration;
			buildSettings = {
				ALWAYS_SEARCH_USER_PATHS = NO;
				ASSETCATALOG_COMPILER_GENERATE_SWIFT_ASSET_SYMBOL_EXTENSIONS = YES;
				CLANG_ANALYZER_NONNULL = YES;
				CLANG_ANALYZER_NUMBER_OBJECT_CONVERSION = YES_AGGRESSIVE;
				CLANG_CXX_LANGUAGE_STANDARD = "gnu++20";
				CLANG_ENABLE_MODULES = YES;
				CLANG_ENABLE_OBJC_ARC = YES;
				CLANG_ENABLE_OBJC_WEAK = YES;
				CLANG_WARN_BLOCK_CAPTURE_AUTORELEASING = YES;
				CLANG_WARN_BOOL_CONVERSION = YES;
				CLANG_WARN_COMMA = YES;
				CLANG_WARN_CONSTANT_CONVERSION = YES;
				CLANG_WARN_DEPRECATED_OBJC_IMPLEMENTATIONS = YES;
				CLANG_WARN_DIRECT_OBJC_ISA_USAGE = YES_ERROR;
				CLANG_WARN_DOCUMENTATION_COMMENTS = YES;
				CLANG_WARN_EMPTY_BODY = YES;
				CLANG_WARN_ENUM_CONVERSION = YES;
				CLANG_WARN_INFINITE_RECURSION = YES;
				CLANG_WARN_INT_CONVERSION = YES;
				CLANG_WARN_NON_LITERAL_NULL_CONVERSION = YES;
				CLANG_WARN_OBJC_IMPLICIT_RETAIN_SELF = YES;
				CLANG_WARN_OBJC_LITERAL_CONVERSION = YES;
				CLANG_WARN_OBJC_ROOT_CLASS = YES_ERROR;
				CLANG_WARN_QUOTED_INCLUDE_IN_FRAMEWORK_HEADER = YES;
				CLANG_WARN_RANGE_LOOP_ANALYSIS = YES;
				CLANG_WARN_STRICT_PROTOTYPES = YES;
				CLANG_WARN_SUSPICIOUS_MOVE = YES;
				CLANG_WARN_UNGUARDED_AVAILABILITY = YES_AGGRESSIVE;
				CLANG_WARN_UNREACHABLE_CODE = YES;
				CLANG_WARN__DUPLICATE_METHOD_MATCH = YES;
				COPY_PHASE_STRIP = NO;
				DEBUG_INFORMATION_FORMAT = "dwarf-with-dsym";
				ENABLE_NS_ASSERTIONS = NO;
				ENABLE_STRICT_OBJC_MSGSEND = YES;
				ENABLE_USER_SCRIPT_SANDBOXING = YES;
				GCC_C_LANGUAGE_STANDARD = gnu17;
				GCC_NO_COMMON_BLOCKS = YES;
				GCC_WARN_64_TO_32_BIT_CONVERSION = YES;
				GCC_WARN_ABOUT_RETURN_TYPE = YES_ERROR;
				GCC_WARN_UNDECLARED_SELECTOR = YES;
				GCC_WARN_UNINITIALIZED_AUTOS = YES_AGGRESSIVE;
				GCC_WARN_UNUSED_FUNCTION = YES;
				GCC_WARN_UNUSED_VARIABLE = YES;
				IPHONEOS_DEPLOYMENT_TARGET = 17.2;
				LOCALIZATION_PREFERS_STRING_CATALOGS = YES;
				MTL_ENABLE_DEBUG_INFO = NO;
				MTL_FAST_MATH = YES;
				SDKROOT = iphoneos;
				SWIFT_COMPILATION_MODE = wholemodule;
				VALIDATE_PRODUCT = YES;
			};
			name = Release;
		};
		D5C13CE92C1D1B7600C6D93E /* Debug */ = {
			isa = XCBuildConfiguration;
			buildSettings = {
				ASSETCATALOG_COMPILER_APPICON_NAME = AppIcon;
				ASSETCATALOG_COMPILER_GLOBAL_ACCENT_COLOR_NAME = AccentColor;
				CODE_SIGN_STYLE = Automatic;
				CURRENT_PROJECT_VERSION = 1;
				DEVELOPMENT_ASSET_PATHS = "\"Movie App/Preview Content\"";
				ENABLE_PREVIEWS = YES;
				GENERATE_INFOPLIST_FILE = YES;
				INFOPLIST_KEY_UIApplicationSceneManifest_Generation = YES;
				INFOPLIST_KEY_UIApplicationSupportsIndirectInputEvents = YES;
				INFOPLIST_KEY_UILaunchScreen_Generation = YES;
				INFOPLIST_KEY_UISupportedInterfaceOrientations_iPad = "UIInterfaceOrientationPortrait UIInterfaceOrientationPortraitUpsideDown UIInterfaceOrientationLandscapeLeft UIInterfaceOrientationLandscapeRight";
				INFOPLIST_KEY_UISupportedInterfaceOrientations_iPhone = "UIInterfaceOrientationPortrait UIInterfaceOrientationLandscapeLeft UIInterfaceOrientationLandscapeRight";
				LD_RUNPATH_SEARCH_PATHS = (
					"$(inherited)",
					"@executable_path/Frameworks",
				);
				MARKETING_VERSION = 1.0;
				PRODUCT_BUNDLE_IDENTIFIER = "app.id.Movie-App";
				PRODUCT_NAME = "$(TARGET_NAME)";
				SWIFT_EMIT_LOC_STRINGS = YES;
				SWIFT_VERSION = 5.0;
				TARGETED_DEVICE_FAMILY = "1,2";
			};
			name = Debug;
		};
		D5C13CEA2C1D1B7600C6D93E /* Release */ = {
			isa = XCBuildConfiguration;
			buildSettings = {
				ASSETCATALOG_COMPILER_APPICON_NAME = AppIcon;
				ASSETCATALOG_COMPILER_GLOBAL_ACCENT_COLOR_NAME = AccentColor;
				CODE_SIGN_STYLE = Automatic;
				CURRENT_PROJECT_VERSION = 1;
				DEVELOPMENT_ASSET_PATHS = "\"Movie App/Preview Content\"";
				ENABLE_PREVIEWS = YES;
				GENERATE_INFOPLIST_FILE = YES;
				INFOPLIST_KEY_UIApplicationSceneManifest_Generation = YES;
				INFOPLIST_KEY_UIApplicationSupportsIndirectInputEvents = YES;
				INFOPLIST_KEY_UILaunchScreen_Generation = YES;
				INFOPLIST_KEY_UISupportedInterfaceOrientations_iPad = "UIInterfaceOrientationPortrait UIInterfaceOrientationPortraitUpsideDown UIInterfaceOrientationLandscapeLeft UIInterfaceOrientationLandscapeRight";
				INFOPLIST_KEY_UISupportedInterfaceOrientations_iPhone = "UIInterfaceOrientationPortrait UIInterfaceOrientationLandscapeLeft UIInterfaceOrientationLandscapeRight";
				LD_RUNPATH_SEARCH_PATHS = (
					"$(inherited)",
					"@executable_path/Frameworks",
				);
				MARKETING_VERSION = 1.0;
				PRODUCT_BUNDLE_IDENTIFIER = "app.id.Movie-App";
				PRODUCT_NAME = "$(TARGET_NAME)";
				SWIFT_EMIT_LOC_STRINGS = YES;
				SWIFT_VERSION = 5.0;
				TARGETED_DEVICE_FAMILY = "1,2";
			};
			name = Release;
		};
		D5C13CEC2C1D1B7600C6D93E /* Debug */ = {
			isa = XCBuildConfiguration;
			buildSettings = {
				ALWAYS_EMBED_SWIFT_STANDARD_LIBRARIES = YES;
				BUNDLE_LOADER = "$(TEST_HOST)";
				CODE_SIGN_STYLE = Automatic;
				CURRENT_PROJECT_VERSION = 1;
				GENERATE_INFOPLIST_FILE = YES;
				IPHONEOS_DEPLOYMENT_TARGET = 17.2;
				MARKETING_VERSION = 1.0;
				PRODUCT_BUNDLE_IDENTIFIER = "app.id.Movie-AppTests";
				PRODUCT_NAME = "$(TARGET_NAME)";
				SWIFT_EMIT_LOC_STRINGS = NO;
				SWIFT_VERSION = 5.0;
				TARGETED_DEVICE_FAMILY = "1,2";
				TEST_HOST = "$(BUILT_PRODUCTS_DIR)/Movie App.app/$(BUNDLE_EXECUTABLE_FOLDER_PATH)/Movie App";
			};
			name = Debug;
		};
		D5C13CED2C1D1B7600C6D93E /* Release */ = {
			isa = XCBuildConfiguration;
			buildSettings = {
				ALWAYS_EMBED_SWIFT_STANDARD_LIBRARIES = YES;
				BUNDLE_LOADER = "$(TEST_HOST)";
				CODE_SIGN_STYLE = Automatic;
				CURRENT_PROJECT_VERSION = 1;
				GENERATE_INFOPLIST_FILE = YES;
				IPHONEOS_DEPLOYMENT_TARGET = 17.2;
				MARKETING_VERSION = 1.0;
				PRODUCT_BUNDLE_IDENTIFIER = "app.id.Movie-AppTests";
				PRODUCT_NAME = "$(TARGET_NAME)";
				SWIFT_EMIT_LOC_STRINGS = NO;
				SWIFT_VERSION = 5.0;
				TARGETED_DEVICE_FAMILY = "1,2";
				TEST_HOST = "$(BUILT_PRODUCTS_DIR)/Movie App.app/$(BUNDLE_EXECUTABLE_FOLDER_PATH)/Movie App";
			};
			name = Release;
		};
		D5C13CEF2C1D1B7600C6D93E /* Debug */ = {
			isa = XCBuildConfiguration;
			buildSettings = {
				ALWAYS_EMBED_SWIFT_STANDARD_LIBRARIES = YES;
				CODE_SIGN_STYLE = Automatic;
				CURRENT_PROJECT_VERSION = 1;
				GENERATE_INFOPLIST_FILE = YES;
				MARKETING_VERSION = 1.0;
				PRODUCT_BUNDLE_IDENTIFIER = "app.id.Movie-AppUITests";
				PRODUCT_NAME = "$(TARGET_NAME)";
				SWIFT_EMIT_LOC_STRINGS = NO;
				SWIFT_VERSION = 5.0;
				TARGETED_DEVICE_FAMILY = "1,2";
				TEST_TARGET_NAME = "Movie App";
			};
			name = Debug;
		};
		D5C13CF02C1D1B7600C6D93E /* Release */ = {
			isa = XCBuildConfiguration;
			buildSettings = {
				ALWAYS_EMBED_SWIFT_STANDARD_LIBRARIES = YES;
				CODE_SIGN_STYLE = Automatic;
				CURRENT_PROJECT_VERSION = 1;
				GENERATE_INFOPLIST_FILE = YES;
				MARKETING_VERSION = 1.0;
				PRODUCT_BUNDLE_IDENTIFIER = "app.id.Movie-AppUITests";
				PRODUCT_NAME = "$(TARGET_NAME)";
				SWIFT_EMIT_LOC_STRINGS = NO;
				SWIFT_VERSION = 5.0;
				TARGETED_DEVICE_FAMILY = "1,2";
				TEST_TARGET_NAME = "Movie App";
			};
			name = Release;
		};
/* End XCBuildConfiguration section */

/* Begin XCConfigurationList section */
		D5C13CBF2C1D1B7400C6D93E /* Build configuration list for PBXProject "Movie App" */ = {
			isa = XCConfigurationList;
			buildConfigurations = (
				D5C13CE62C1D1B7600C6D93E /* Debug */,
				D5C13CE72C1D1B7600C6D93E /* Release */,
			);
			defaultConfigurationIsVisible = 0;
			defaultConfigurationName = Release;
		};
		D5C13CE82C1D1B7600C6D93E /* Build configuration list for PBXNativeTarget "Movie App" */ = {
			isa = XCConfigurationList;
			buildConfigurations = (
				D5C13CE92C1D1B7600C6D93E /* Debug */,
				D5C13CEA2C1D1B7600C6D93E /* Release */,
			);
			defaultConfigurationIsVisible = 0;
			defaultConfigurationName = Release;
		};
		D5C13CEB2C1D1B7600C6D93E /* Build configuration list for PBXNativeTarget "Movie AppTests" */ = {
			isa = XCConfigurationList;
			buildConfigurations = (
				D5C13CEC2C1D1B7600C6D93E /* Debug */,
				D5C13CED2C1D1B7600C6D93E /* Release */,
			);
			defaultConfigurationIsVisible = 0;
			defaultConfigurationName = Release;
		};
		D5C13CEE2C1D1B7600C6D93E /* Build configuration list for PBXNativeTarget "Movie AppUITests" */ = {
			isa = XCConfigurationList;
			buildConfigurations = (
				D5C13CEF2C1D1B7600C6D93E /* Debug */,
				D5C13CF02C1D1B7600C6D93E /* Release */,
			);
			defaultConfigurationIsVisible = 0;
			defaultConfigurationName = Release;
		};
/* End XCConfigurationList section */
	};
	rootObject = D5C13CBC2C1D1B7400C6D93E /* Project object */;
}
